
Microsoft Visual Studio Solution File, Format Version 12.00
# Visual Studio 15
VisualStudioVersion = 15.0.27004.2005
MinimumVisualStudioVersion = 10.0.40219.1
Project("{FAE04EC0-301F-11D3-BF4B-00C04F79EFBC}") = "Fb2Kindle", "Fb2Kindle\Fb2Kindle.csproj", "{633B7EE3-298C-4D1B-83BA-6E3B6E2062D8}"
EndProject
Project("{FAE04EC0-301F-11D3-BF4B-00C04F79EFBC}") = "LibCleaner", "LibCleaner\LibCleaner.csproj", "{8D57FD38-FD64-4F51-AE87-43A59112B56B}"
EndProject
Project("{FAE04EC0-301F-11D3-BF4B-00C04F79EFBC}") = "LibraryCleaner", "LibraryCleaner\LibraryCleaner.csproj", "{C05615C3-7D1C-4A87-85AB-1250176CDCA9}"
EndProject
Project("{FAE04EC0-301F-11D3-BF4B-00C04F79EFBC}") = "jail", "jail\jail.csproj", "{2DFC0BE0-D46D-4CD1-BA9F-505E7B2744E2}"
EndProject
Global
	GlobalSection(SolutionConfigurationPlatforms) = preSolution
		Debug|Any CPU = Debug|Any CPU
		Debug|Mixed Platforms = Debug|Mixed Platforms
		Debug|x86 = Debug|x86
		Release|Any CPU = Release|Any CPU
		Release|Mixed Platforms = Release|Mixed Platforms
		Release|x86 = Release|x86
	EndGlobalSection
	GlobalSection(ProjectConfigurationPlatforms) = postSolution
		{633B7EE3-298C-4D1B-83BA-6E3B6E2062D8}.Debug|Any CPU.ActiveCfg = Debug|x86
		{633B7EE3-298C-4D1B-83BA-6E3B6E2062D8}.Debug|Mixed Platforms.ActiveCfg = Debug|x86
		{633B7EE3-298C-4D1B-83BA-6E3B6E2062D8}.Debug|Mixed Platforms.Build.0 = Debug|x86
		{633B7EE3-298C-4D1B-83BA-6E3B6E2062D8}.Debug|x86.ActiveCfg = Debug|x86
		{633B7EE3-298C-4D1B-83BA-6E3B6E2062D8}.Debug|x86.Build.0 = Debug|x86
		{633B7EE3-298C-4D1B-83BA-6E3B6E2062D8}.Release|Any CPU.ActiveCfg = Release|x86
		{633B7EE3-298C-4D1B-83BA-6E3B6E2062D8}.Release|Mixed Platforms.ActiveCfg = Release|x86
		{633B7EE3-298C-4D1B-83BA-6E3B6E2062D8}.Release|Mixed Platforms.Build.0 = Release|x86
		{633B7EE3-298C-4D1B-83BA-6E3B6E2062D8}.Release|x86.ActiveCfg = Release|x86
		{633B7EE3-298C-4D1B-83BA-6E3B6E2062D8}.Release|x86.Build.0 = Release|x86
		{8D57FD38-FD64-4F51-AE87-43A59112B56B}.Debug|Any CPU.ActiveCfg = Debug|Any CPU
		{8D57FD38-FD64-4F51-AE87-43A59112B56B}.Debug|Any CPU.Build.0 = Debug|Any CPU
		{8D57FD38-FD64-4F51-AE87-43A59112B56B}.Debug|Mixed Platforms.ActiveCfg = Debug|Any CPU
		{8D57FD38-FD64-4F51-AE87-43A59112B56B}.Debug|Mixed Platforms.Build.0 = Debug|Any CPU
		{8D57FD38-FD64-4F51-AE87-43A59112B56B}.Debug|x86.ActiveCfg = Debug|Any CPU
		{8D57FD38-FD64-4F51-AE87-43A59112B56B}.Release|Any CPU.ActiveCfg = Release|Any CPU
		{8D57FD38-FD64-4F51-AE87-43A59112B56B}.Release|Any CPU.Build.0 = Release|Any CPU
		{8D57FD38-FD64-4F51-AE87-43A59112B56B}.Release|Mixed Platforms.ActiveCfg = Release|Any CPU
		{8D57FD38-FD64-4F51-AE87-43A59112B56B}.Release|Mixed Platforms.Build.0 = Release|Any CPU
		{8D57FD38-FD64-4F51-AE87-43A59112B56B}.Release|x86.ActiveCfg = Release|Any CPU
		{C05615C3-7D1C-4A87-85AB-1250176CDCA9}.Debug|Any CPU.ActiveCfg = Debug|Any CPU
		{C05615C3-7D1C-4A87-85AB-1250176CDCA9}.Debug|Any CPU.Build.0 = Debug|Any CPU
		{C05615C3-7D1C-4A87-85AB-1250176CDCA9}.Debug|Mixed Platforms.ActiveCfg = Debug|Any CPU
		{C05615C3-7D1C-4A87-85AB-1250176CDCA9}.Debug|Mixed Platforms.Build.0 = Debug|Any CPU
		{C05615C3-7D1C-4A87-85AB-1250176CDCA9}.Debug|x86.ActiveCfg = Debug|Any CPU
		{C05615C3-7D1C-4A87-85AB-1250176CDCA9}.Release|Any CPU.ActiveCfg = Release|Any CPU
		{C05615C3-7D1C-4A87-85AB-1250176CDCA9}.Release|Any CPU.Build.0 = Release|Any CPU
		{C05615C3-7D1C-4A87-85AB-1250176CDCA9}.Release|Mixed Platforms.ActiveCfg = Release|Any CPU
		{C05615C3-7D1C-4A87-85AB-1250176CDCA9}.Release|Mixed Platforms.Build.0 = Release|Any CPU
		{C05615C3-7D1C-4A87-85AB-1250176CDCA9}.Release|x86.ActiveCfg = Release|Any CPU
		{2DFC0BE0-D46D-4CD1-BA9F-505E7B2744E2}.Debug|Any CPU.ActiveCfg = Debug|Any CPU
		{2DFC0BE0-D46D-4CD1-BA9F-505E7B2744E2}.Debug|Any CPU.Build.0 = Debug|Any CPU
		{2DFC0BE0-D46D-4CD1-BA9F-505E7B2744E2}.Debug|Mixed Platforms.ActiveCfg = Debug|Any CPU
		{2DFC0BE0-D46D-4CD1-BA9F-505E7B2744E2}.Debug|Mixed Platforms.Build.0 = Debug|Any CPU
		{2DFC0BE0-D46D-4CD1-BA9F-505E7B2744E2}.Debug|x86.ActiveCfg = Debug|Any CPU
		{2DFC0BE0-D46D-4CD1-BA9F-505E7B2744E2}.Debug|x86.Build.0 = Debug|Any CPU
		{2DFC0BE0-D46D-4CD1-BA9F-505E7B2744E2}.Release|Any CPU.ActiveCfg = Release|Any CPU
		{2DFC0BE0-D46D-4CD1-BA9F-505E7B2744E2}.Release|Any CPU.Build.0 = Release|Any CPU
		{2DFC0BE0-D46D-4CD1-BA9F-505E7B2744E2}.Release|Mixed Platforms.ActiveCfg = Release|Any CPU
		{2DFC0BE0-D46D-4CD1-BA9F-505E7B2744E2}.Release|Mixed Platforms.Build.0 = Release|Any CPU
		{2DFC0BE0-D46D-4CD1-BA9F-505E7B2744E2}.Release|x86.ActiveCfg = Release|Any CPU
		{2DFC0BE0-D46D-4CD1-BA9F-505E7B2744E2}.Release|x86.Build.0 = Release|Any CPU
	EndGlobalSection
	GlobalSection(SolutionProperties) = preSolution
		HideSolutionNode = FALSE
	EndGlobalSection
	GlobalSection(ExtensibilityGlobals) = postSolution
		SolutionGuid = {D938F778-5ACF-40BA-B46D-6314F3B411B9}
	EndGlobalSection
EndGlobal
