
Microsoft Visual Studio Solution File, Format Version 12.00
# Visual Studio Version 16
VisualStudioVersion = 16.0.31729.503
MinimumVisualStudioVersion = 10.0.40219.1
Project("{FAE04EC0-301F-11D3-BF4B-00C04F79EFBC}") = "Fb2Kindle", "Fb2Kindle\Fb2Kindle.csproj", "{633B7EE3-298C-4D1B-83BA-6E3B6E2062D8}"
EndProject
Project("{FAE04EC0-301F-11D3-BF4B-00C04F79EFBC}") = "LibraryCleaner", "LibraryCleaner\LibraryCleaner.csproj", "{C05615C3-7D1C-4A87-85AB-1250176CDCA9}"
EndProject
Project("{FAE04EC0-301F-11D3-BF4B-00C04F79EFBC}") = "jail", "jail\jail.csproj", "{2DFC0BE0-D46D-4CD1-BA9F-505E7B2744E2}"
EndProject
Project("{FAE04EC0-301F-11D3-BF4B-00C04F79EFBC}") = "PrettyXml", "PrettyXml\PrettyXml.csproj", "{8ED33F24-618B-42CB-B75B-727BEC7419D9}"
EndProject
Project("{FAE04EC0-301F-11D3-BF4B-00C04F79EFBC}") = "simpl.extensions", "..\simpl.extensions\Simpl.Extensions\simpl.extensions.csproj", "{E7CB0C95-293E-44C9-AFE0-367BE2B74E02}"
EndProject
Project("{FAE04EC0-301F-11D3-BF4B-00C04F79EFBC}") = "Simpl.Extensions.Database", "..\simpl.extensions\Simpl.Extensions.Database\Simpl.Extensions.Database.csproj", "{F6391BC9-F06A-4145-96D6-9230A918C79E}"
EndProject
Project("{2150E333-8FDC-42A3-9474-1A3956D46DE8}") = "external", "external", "{F650D2B9-742A-4D92-8D68-3568BE0E8D35}"
EndProject
Global
	GlobalSection(SolutionConfigurationPlatforms) = preSolution
		Debug|Any CPU = Debug|Any CPU
		Debug|Mixed Platforms = Debug|Mixed Platforms
		Debug|x86 = Debug|x86
		Release|Any CPU = Release|Any CPU
		Release|Mixed Platforms = Release|Mixed Platforms
		Release|x86 = Release|x86
	EndGlobalSection
	GlobalSection(ProjectConfigurationPlatforms) = postSolution
		{633B7EE3-298C-4D1B-83BA-6E3B6E2062D8}.Debug|Any CPU.ActiveCfg = Debug|x86
		{633B7EE3-298C-4D1B-83BA-6E3B6E2062D8}.Debug|Any CPU.Build.0 = Debug|x86
		{633B7EE3-298C-4D1B-83BA-6E3B6E2062D8}.Debug|Mixed Platforms.ActiveCfg = Debug|x86
		{633B7EE3-298C-4D1B-83BA-6E3B6E2062D8}.Debug|Mixed Platforms.Build.0 = Debug|x86
		{633B7EE3-298C-4D1B-83BA-6E3B6E2062D8}.Debug|x86.ActiveCfg = Debug|x86
		{633B7EE3-298C-4D1B-83BA-6E3B6E2062D8}.Debug|x86.Build.0 = Debug|x86
		{633B7EE3-298C-4D1B-83BA-6E3B6E2062D8}.Release|Any CPU.ActiveCfg = Release|x86
		{633B7EE3-298C-4D1B-83BA-6E3B6E2062D8}.Release|Mixed Platforms.ActiveCfg = Release|x86
		{633B7EE3-298C-4D1B-83BA-6E3B6E2062D8}.Release|Mixed Platforms.Build.0 = Release|x86
		{633B7EE3-298C-4D1B-83BA-6E3B6E2062D8}.Release|x86.ActiveCfg = Release|x86
		{633B7EE3-298C-4D1B-83BA-6E3B6E2062D8}.Release|x86.Build.0 = Release|x86
		{C05615C3-7D1C-4A87-85AB-1250176CDCA9}.Debug|Any CPU.ActiveCfg = Debug|Any CPU
		{C05615C3-7D1C-4A87-85AB-1250176CDCA9}.Debug|Any CPU.Build.0 = Debug|Any CPU
		{C05615C3-7D1C-4A87-85AB-1250176CDCA9}.Debug|Mixed Platforms.ActiveCfg = Debug|Any CPU
		{C05615C3-7D1C-4A87-85AB-1250176CDCA9}.Debug|Mixed Platforms.Build.0 = Debug|Any CPU
		{C05615C3-7D1C-4A87-85AB-1250176CDCA9}.Debug|x86.ActiveCfg = Debug|Any CPU
		{C05615C3-7D1C-4A87-85AB-1250176CDCA9}.Release|Any CPU.ActiveCfg = Release|Any CPU
		{C05615C3-7D1C-4A87-85AB-1250176CDCA9}.Release|Any CPU.Build.0 = Release|Any CPU
		{C05615C3-7D1C-4A87-85AB-1250176CDCA9}.Release|Mixed Platforms.ActiveCfg = Release|Any CPU
		{C05615C3-7D1C-4A87-85AB-1250176CDCA9}.Release|Mixed Platforms.Build.0 = Release|Any CPU
		{C05615C3-7D1C-4A87-85AB-1250176CDCA9}.Release|x86.ActiveCfg = Release|Any CPU
		{2DFC0BE0-D46D-4CD1-BA9F-505E7B2744E2}.Debug|Any CPU.ActiveCfg = Debug|Any CPU
		{2DFC0BE0-D46D-4CD1-BA9F-505E7B2744E2}.Debug|Any CPU.Build.0 = Debug|Any CPU
		{2DFC0BE0-D46D-4CD1-BA9F-505E7B2744E2}.Debug|Mixed Platforms.ActiveCfg = Debug|Any CPU
		{2DFC0BE0-D46D-4CD1-BA9F-505E7B2744E2}.Debug|Mixed Platforms.Build.0 = Debug|Any CPU
		{2DFC0BE0-D46D-4CD1-BA9F-505E7B2744E2}.Debug|x86.ActiveCfg = Debug|Any CPU
		{2DFC0BE0-D46D-4CD1-BA9F-505E7B2744E2}.Debug|x86.Build.0 = Debug|Any CPU
		{2DFC0BE0-D46D-4CD1-BA9F-505E7B2744E2}.Release|Any CPU.ActiveCfg = Release|Any CPU
		{2DFC0BE0-D46D-4CD1-BA9F-505E7B2744E2}.Release|Any CPU.Build.0 = Release|Any CPU
		{2DFC0BE0-D46D-4CD1-BA9F-505E7B2744E2}.Release|Mixed Platforms.ActiveCfg = Release|Any CPU
		{2DFC0BE0-D46D-4CD1-BA9F-505E7B2744E2}.Release|Mixed Platforms.Build.0 = Release|Any CPU
		{2DFC0BE0-D46D-4CD1-BA9F-505E7B2744E2}.Release|x86.ActiveCfg = Release|Any CPU
		{2DFC0BE0-D46D-4CD1-BA9F-505E7B2744E2}.Release|x86.Build.0 = Release|Any CPU
		{8ED33F24-618B-42CB-B75B-727BEC7419D9}.Debug|Any CPU.ActiveCfg = Debug|Any CPU
		{8ED33F24-618B-42CB-B75B-727BEC7419D9}.Debug|Any CPU.Build.0 = Debug|Any CPU
		{8ED33F24-618B-42CB-B75B-727BEC7419D9}.Debug|Mixed Platforms.ActiveCfg = Debug|Any CPU
		{8ED33F24-618B-42CB-B75B-727BEC7419D9}.Debug|Mixed Platforms.Build.0 = Debug|Any CPU
		{8ED33F24-618B-42CB-B75B-727BEC7419D9}.Debug|x86.ActiveCfg = Debug|Any CPU
		{8ED33F24-618B-42CB-B75B-727BEC7419D9}.Debug|x86.Build.0 = Debug|Any CPU
		{8ED33F24-618B-42CB-B75B-727BEC7419D9}.Release|Any CPU.ActiveCfg = Release|Any CPU
		{8ED33F24-618B-42CB-B75B-727BEC7419D9}.Release|Any CPU.Build.0 = Release|Any CPU
		{8ED33F24-618B-42CB-B75B-727BEC7419D9}.Release|Mixed Platforms.ActiveCfg = Release|Any CPU
		{8ED33F24-618B-42CB-B75B-727BEC7419D9}.Release|Mixed Platforms.Build.0 = Release|Any CPU
		{8ED33F24-618B-42CB-B75B-727BEC7419D9}.Release|x86.ActiveCfg = Release|Any CPU
		{8ED33F24-618B-42CB-B75B-727BEC7419D9}.Release|x86.Build.0 = Release|Any CPU
		{E7CB0C95-293E-44C9-AFE0-367BE2B74E02}.Debug|Any CPU.ActiveCfg = Debug|Any CPU
		{E7CB0C95-293E-44C9-AFE0-367BE2B74E02}.Debug|Any CPU.Build.0 = Debug|Any CPU
		{E7CB0C95-293E-44C9-AFE0-367BE2B74E02}.Debug|Mixed Platforms.ActiveCfg = Debug|Any CPU
		{E7CB0C95-293E-44C9-AFE0-367BE2B74E02}.Debug|Mixed Platforms.Build.0 = Debug|Any CPU
		{E7CB0C95-293E-44C9-AFE0-367BE2B74E02}.Debug|x86.ActiveCfg = Debug|Any CPU
		{E7CB0C95-293E-44C9-AFE0-367BE2B74E02}.Debug|x86.Build.0 = Debug|Any CPU
		{E7CB0C95-293E-44C9-AFE0-367BE2B74E02}.Release|Any CPU.ActiveCfg = Release|Any CPU
		{E7CB0C95-293E-44C9-AFE0-367BE2B74E02}.Release|Any CPU.Build.0 = Release|Any CPU
		{E7CB0C95-293E-44C9-AFE0-367BE2B74E02}.Release|Mixed Platforms.ActiveCfg = Release|Any CPU
		{E7CB0C95-293E-44C9-AFE0-367BE2B74E02}.Release|Mixed Platforms.Build.0 = Release|Any CPU
		{E7CB0C95-293E-44C9-AFE0-367BE2B74E02}.Release|x86.ActiveCfg = Release|Any CPU
		{E7CB0C95-293E-44C9-AFE0-367BE2B74E02}.Release|x86.Build.0 = Release|Any CPU
		{F6391BC9-F06A-4145-96D6-9230A918C79E}.Debug|Any CPU.ActiveCfg = Debug|Any CPU
		{F6391BC9-F06A-4145-96D6-9230A918C79E}.Debug|Any CPU.Build.0 = Debug|Any CPU
		{F6391BC9-F06A-4145-96D6-9230A918C79E}.Debug|Mixed Platforms.ActiveCfg = Debug|Any CPU
		{F6391BC9-F06A-4145-96D6-9230A918C79E}.Debug|Mixed Platforms.Build.0 = Debug|Any CPU
		{F6391BC9-F06A-4145-96D6-9230A918C79E}.Debug|x86.ActiveCfg = Debug|Any CPU
		{F6391BC9-F06A-4145-96D6-9230A918C79E}.Debug|x86.Build.0 = Debug|Any CPU
		{F6391BC9-F06A-4145-96D6-9230A918C79E}.Release|Any CPU.ActiveCfg = Release|Any CPU
		{F6391BC9-F06A-4145-96D6-9230A918C79E}.Release|Any CPU.Build.0 = Release|Any CPU
		{F6391BC9-F06A-4145-96D6-9230A918C79E}.Release|Mixed Platforms.ActiveCfg = Release|Any CPU
		{F6391BC9-F06A-4145-96D6-9230A918C79E}.Release|Mixed Platforms.Build.0 = Release|Any CPU
		{F6391BC9-F06A-4145-96D6-9230A918C79E}.Release|x86.ActiveCfg = Release|Any CPU
		{F6391BC9-F06A-4145-96D6-9230A918C79E}.Release|x86.Build.0 = Release|Any CPU
	EndGlobalSection
	GlobalSection(SolutionProperties) = preSolution
		HideSolutionNode = FALSE
	EndGlobalSection
	GlobalSection(ExtensibilityGlobals) = postSolution
		SolutionGuid = {D938F778-5ACF-40BA-B46D-6314F3B411B9}
	EndGlobalSection
	GlobalSection(NestedProjects) = preSolution
		{E7CB0C95-293E-44C9-AFE0-367BE2B74E02} = {F650D2B9-742A-4D92-8D68-3568BE0E8D35}
		{F6391BC9-F06A-4145-96D6-9230A918C79E} = {F650D2B9-742A-4D92-8D68-3568BE0E8D35}
	EndGlobalSection
EndGlobal
